PODS:
  - BVLinearGradient (2.5.4):
    - React
  - FBSDKCoreKit (5.7.0):
    - FBSDKCoreKit/Basics (= 5.7.0)
    - FBSDKCoreKit/Core (= 5.7.0)
  - FBSDKCoreKit/Basics (5.7.0)
  - FBSDKCoreKit/Core (5.7.0):
    - FBSDKCoreKit/Basics
  - FBSDKLoginKit (5.7.0):
    - FBSDKLoginKit/Login (= 5.7.0)
  - FBSDKLoginKit/Login (5.7.0):
    - FBSDKCoreKit (~> 5.0)
  - FBSDKShareKit (5.7.0):
    - FBSDKShareKit/Share (= 5.7.0)
  - FBSDKShareKit/Share (5.7.0):
    - FBSDKCoreKit (~> 5.0)
  - GoogleSignIn (4.4.0):
    - "GoogleToolboxForMac/NSDictionary+URLArguments (~> 2.1)"
    - "GoogleToolboxForMac/NSString+URLArguments (~> 2.1)"
    - GTMSessionFetcher/Core (~> 1.1)
  - GoogleToolboxForMac/DebugUtils (2.2.1):
    - GoogleToolboxForMac/Defines (= 2.2.1)
  - GoogleToolboxForMac/Defines (2.2.1)
  - "GoogleToolboxForMac/NSDictionary+URLArguments (2.2.1)":
    - GoogleToolboxForMac/DebugUtils (= 2.2.1)
    - GoogleToolboxForMac/Defines (= 2.2.1)
    - "GoogleToolboxForMac/NSString+URLArguments (= 2.2.1)"
  - "GoogleToolboxForMac/NSString+URLArguments (2.2.1)"
  - GTMSessionFetcher/Core (1.2.2)
  - QBImagePickerController (3.4.0)
  - React (0.59.0):
    - React/Core (= 0.59.0)
  - react-native-fbsdk (1.0.4):
    - React
    - react-native-fbsdk/Core (= 1.0.4)
    - react-native-fbsdk/Login (= 1.0.4)
    - react-native-fbsdk/Share (= 1.0.4)
  - react-native-fbsdk/Core (1.0.4):
    - FBSDKCoreKit (~> 5.5)
    - React
  - react-native-fbsdk/Login (1.0.4):
    - FBSDKLoginKit (~> 5.5)
    - React
  - react-native-fbsdk/Share (1.0.4):
    - FBSDKShareKit (~> 5.5)
    - React
  - react-native-mail (4.0.0):
    - React
  - react-native-webview (5.12.0):
    - React
  - React/Core (0.59.0):
    - yoga (= 0.59.0.React)
  - React/DevSupport (0.59.0):
    - React/Core
    - React/RCTWebSocket
  - React/fishhook (0.59.0)
  - React/RCTActionSheet (0.59.0):
    - React/Core
  - React/RCTAnimation (0.59.0):
    - React/Core
  - React/RCTBlob (0.59.0):
    - React/Core
  - React/RCTGeolocation (0.59.0):
    - React/Core
  - React/RCTImage (0.59.0):
    - React/Core
    - React/RCTNetwork
  - React/RCTLinkingIOS (0.59.0):
    - React/Core
  - React/RCTNetwork (0.59.0):
    - React/Core
  - React/RCTSettings (0.59.0):
    - React/Core
  - React/RCTText (0.59.0):
    - React/Core
  - React/RCTVibration (0.59.0):
    - React/Core
  - React/RCTWebSocket (0.59.0):
    - React/Core
    - React/fishhook
    - React/RCTBlob
  - RNDeviceInfo (2.1.2):
    - React
  - RNGoogleSignin (2.0.0):
    - GoogleSignIn (~> 4.4.0)
    - React
  - RNImageCropPicker (0.24.1):
    - QBImagePickerController
    - React/Core
    - RSKImageCropper
  - RSKImageCropper (2.2.1)
  - yoga (0.59.0.React)

DEPENDENCIES:
  - BVLinearGradient (from `../node_modules/react-native-linear-gradient`)
  - react-native-fbsdk (from `../node_modules/react-native-fbsdk`)
  - react-native-mail (from `../node_modules/react-native-mail`)
  - react-native-webview (from `../node_modules/react-native-webview`)
  - React/Core (from `../node_modules/react-native`)
  - React/DevSupport (from `../node_modules/react-native`)
  - React/RCTActionSheet (from `../node_modules/react-native`)
  - React/RCTAnimation (from `../node_modules/react-native`)
  - React/RCTGeolocation (from `../node_modules/react-native`)
  - React/RCTImage (from `../node_modules/react-native`)
  - React/RCTLinkingIOS (from `../node_modules/react-native`)
  - React/RCTNetwork (from `../node_modules/react-native`)
  - React/RCTSettings (from `../node_modules/react-native`)
  - React/RCTText (from `../node_modules/react-native`)
  - React/RCTVibration (from `../node_modules/react-native`)
  - React/RCTWebSocket (from `../node_modules/react-native`)
  - RNDeviceInfo (from `../node_modules/react-native-device-info`)
  - RNGoogleSignin (from `../node_modules/react-native-google-signin`)
  - RNImageCropPicker (from `../node_modules/react-native-image-crop-picker`)
  - yoga (from `../node_modules/react-native/ReactCommon/yoga`)

SPEC REPOS:
  https://github.com/cocoapods/specs.git:
    - FBSDKCoreKit
    - FBSDKLoginKit
    - FBSDKShareKit
    - GoogleSignIn
    - GoogleToolboxForMac
    - GTMSessionFetcher
    - QBImagePickerController
    - RSKImageCropper

EXTERNAL SOURCES:
  BVLinearGradient:
    :path: "../node_modules/react-native-linear-gradient"
  React:
    :path: "../node_modules/react-native"
  react-native-fbsdk:
    :path: "../node_modules/react-native-fbsdk"
  react-native-mail:
    :path: "../node_modules/react-native-mail"
  react-native-webview:
    :path: "../node_modules/react-native-webview"
  RNDeviceInfo:
    :path: "../node_modules/react-native-device-info"
  RNGoogleSignin:
    :path: "../node_modules/react-native-google-signin"
  RNImageCropPicker:
    :path: "../node_modules/react-native-image-crop-picker"
  yoga:
    :path: "../node_modules/react-native/ReactCommon/yoga"

SPEC CHECKSUMS:
  BVLinearGradient: 8cbc5155c978f2e43098818c91d206d07aae6d30
  FBSDKCoreKit: 0d2d450fe9447e204fa6e912e0df76dd36693699
  FBSDKLoginKit: 4127e8260b96e0e4cc8ba0c10c95ee63941aa24a
  FBSDKShareKit: 0dc4bd06e11eb2ad30d165132c6c879b8d449ae3
  GoogleSignIn: 7ff245e1a7b26d379099d3243a562f5747e23d39
  GoogleToolboxForMac: b3553629623a3b1bff17f555e736cd5a6d95ad55
  GTMSessionFetcher: 61bb0f61a4cb560030f1222021178008a5727a23
  QBImagePickerController: d54cf93db6decf26baf6ed3472f336ef35cae022
  React: 0d6c719d9549bea0bd5676f8170b0e5c56e2c3c7
  react-native-fbsdk: 45e28bbab3e905cbc635c0bdd3444b372e933ae9
  react-native-mail: 7e37dfbe93ff0d4c7df346b738854dbed533e86f
  react-native-webview: 8b2761a9bf84bbbbe7f90f49743b9b74c7cb11e7
  RNDeviceInfo: 75dac2d7cd6b638b512cc9266ce48a39661fed0e
  RNGoogleSignin: d030c6c6591db24c3cee649f64c7babf0a1699a0
  RNImageCropPicker: 6134b66a3d5bc13e2895a97c630a4254006902b4
  RSKImageCropper: 98296ad26b41753f796b6898d015509598f13d97
  yoga: 26673abd38bbdf0c33e134ad9e690c5fbf16e8fc

PODFILE CHECKSUM: 9dae8a20eac7550eb8f2fcfba5faee168512164a

COCOAPODS: 1.6.0
